
Microsoft Visual Studio Solution File, Format Version 12.00
# Visual Studio Version 16
VisualStudioVersion = 16.0.29215.179
MinimumVisualStudioVersion = 10.0.40219.1
Project("{FAE04EC0-301F-11D3-BF4B-00C04F79EFBC}") = "calculater", "calculater.csproj", "{EC05C0A7-22EF-413F-80B3-15C754A1C355}"
EndProject
Global
	GlobalSection(SolutionConfigurationPlatforms) = preSolution
		Debug|Any CPU = Debug|Any CPU
		Release|Any CPU = Release|Any CPU
	EndGlobalSection
	GlobalSection(ProjectConfigurationPlatforms) = postSolution
		{EC05C0A7-22EF-413F-80B3-15C754A1C355}.Debug|Any CPU.ActiveCfg = Debug|Any CPU
		{EC05C0A7-22EF-413F-80B3-15C754A1C355}.Debug|Any CPU.Build.0 = Debug|Any CPU
		{EC05C0A7-22EF-413F-80B3-15C754A1C355}.Release|Any CPU.ActiveCfg = Release|Any CPU
		{EC05C0A7-22EF-413F-80B3-15C754A1C355}.Release|Any CPU.Build.0 = Release|Any CPU
	EndGlobalSection
	GlobalSection(SolutionProperties) = preSolution
		HideSolutionNode = FALSE
	EndGlobalSection
	GlobalSection(ExtensibilityGlobals) = postSolution
		SolutionGuid = {2AE955A0-A590-4F95-853B-F6EEE9348781}
	EndGlobalSection
EndGlobal
