
Microsoft Visual Studio Solution File, Format Version 12.00
# Visual Studio Version 16
VisualStudioVersion = 16.0.29215.179
MinimumVisualStudioVersion = 10.0.40219.1
Project("{FAE04EC0-301F-11D3-BF4B-00C04F79EFBC}") = "ssn2test", "ssn2test.csproj", "{189DB301-E5C6-495B-BDCA-6833843E3274}"
EndProject
Global
	GlobalSection(SolutionConfigurationPlatforms) = preSolution
		Debug|Any CPU = Debug|Any CPU
		Release|Any CPU = Release|Any CPU
	EndGlobalSection
	GlobalSection(ProjectConfigurationPlatforms) = postSolution
		{189DB301-E5C6-495B-BDCA-6833843E3274}.Debug|Any CPU.ActiveCfg = Debug|Any CPU
		{189DB301-E5C6-495B-BDCA-6833843E3274}.Debug|Any CPU.Build.0 = Debug|Any CPU
		{189DB301-E5C6-495B-BDCA-6833843E3274}.Release|Any CPU.ActiveCfg = Release|Any CPU
		{189DB301-E5C6-495B-BDCA-6833843E3274}.Release|Any CPU.Build.0 = Release|Any CPU
	EndGlobalSection
	GlobalSection(SolutionProperties) = preSolution
		HideSolutionNode = FALSE
	EndGlobalSection
	GlobalSection(ExtensibilityGlobals) = postSolution
		SolutionGuid = {104130BD-E997-4DD4-B31F-70AA0D10F333}
	EndGlobalSection
EndGlobal
