
Microsoft Visual Studio Solution File, Format Version 12.00
# Visual Studio Version 16
VisualStudioVersion = 16.0.29215.179
MinimumVisualStudioVersion = 10.0.40219.1
Project("{FAE04EC0-301F-11D3-BF4B-00C04F79EFBC}") = "TwoDimensional Array", "TwoDimensional Array.csproj", "{737E653B-E695-4820-9D62-731879CE336B}"
EndProject
Global
	GlobalSection(SolutionConfigurationPlatforms) = preSolution
		Debug|Any CPU = Debug|Any CPU
		Release|Any CPU = Release|Any CPU
	EndGlobalSection
	GlobalSection(ProjectConfigurationPlatforms) = postSolution
		{737E653B-E695-4820-9D62-731879CE336B}.Debug|Any CPU.ActiveCfg = Debug|Any CPU
		{737E653B-E695-4820-9D62-731879CE336B}.Debug|Any CPU.Build.0 = Debug|Any CPU
		{737E653B-E695-4820-9D62-731879CE336B}.Release|Any CPU.ActiveCfg = Release|Any CPU
		{737E653B-E695-4820-9D62-731879CE336B}.Release|Any CPU.Build.0 = Release|Any CPU
	EndGlobalSection
	GlobalSection(SolutionProperties) = preSolution
		HideSolutionNode = FALSE
	EndGlobalSection
	GlobalSection(ExtensibilityGlobals) = postSolution
		SolutionGuid = {966311A1-7181-4F7B-A6C4-20E312A53186}
	EndGlobalSection
EndGlobal
