
Microsoft Visual Studio Solution File, Format Version 12.00
# Visual Studio Version 16
VisualStudioVersion = 16.0.29215.179
MinimumVisualStudioVersion = 10.0.40219.1
Project("{FAE04EC0-301F-11D3-BF4B-00C04F79EFBC}") = "SocialSecurityNumber02", "SocialSecurityNumber02.csproj", "{A14B2222-6D05-4130-99ED-CE08E4E772AE}"
EndProject
Global
	GlobalSection(SolutionConfigurationPlatforms) = preSolution
		Debug|Any CPU = Debug|Any CPU
		Release|Any CPU = Release|Any CPU
	EndGlobalSection
	GlobalSection(ProjectConfigurationPlatforms) = postSolution
		{A14B2222-6D05-4130-99ED-CE08E4E772AE}.Debug|Any CPU.ActiveCfg = Debug|Any CPU
		{A14B2222-6D05-4130-99ED-CE08E4E772AE}.Debug|Any CPU.Build.0 = Debug|Any CPU
		{A14B2222-6D05-4130-99ED-CE08E4E772AE}.Release|Any CPU.ActiveCfg = Release|Any CPU
		{A14B2222-6D05-4130-99ED-CE08E4E772AE}.Release|Any CPU.Build.0 = Release|Any CPU
	EndGlobalSection
	GlobalSection(SolutionProperties) = preSolution
		HideSolutionNode = FALSE
	EndGlobalSection
	GlobalSection(ExtensibilityGlobals) = postSolution
		SolutionGuid = {FC15F721-80A3-4DC7-B664-199E64504623}
	EndGlobalSection
EndGlobal
