
Microsoft Visual Studio Solution File, Format Version 12.00
# Visual Studio Version 16
VisualStudioVersion = 16.0.29215.179
MinimumVisualStudioVersion = 10.0.40219.1
Project("{FAE04EC0-301F-11D3-BF4B-00C04F79EFBC}") = "concatination oprator", "concatination oprator.csproj", "{81831FCB-F24E-48EB-A53A-05B2B151208A}"
EndProject
Global
	GlobalSection(SolutionConfigurationPlatforms) = preSolution
		Debug|Any CPU = Debug|Any CPU
		Release|Any CPU = Release|Any CPU
	EndGlobalSection
	GlobalSection(ProjectConfigurationPlatforms) = postSolution
		{81831FCB-F24E-48EB-A53A-05B2B151208A}.Debug|Any CPU.ActiveCfg = Debug|Any CPU
		{81831FCB-F24E-48EB-A53A-05B2B151208A}.Debug|Any CPU.Build.0 = Debug|Any CPU
		{81831FCB-F24E-48EB-A53A-05B2B151208A}.Release|Any CPU.ActiveCfg = Release|Any CPU
		{81831FCB-F24E-48EB-A53A-05B2B151208A}.Release|Any CPU.Build.0 = Release|Any CPU
	EndGlobalSection
	GlobalSection(SolutionProperties) = preSolution
		HideSolutionNode = FALSE
	EndGlobalSection
	GlobalSection(ExtensibilityGlobals) = postSolution
		SolutionGuid = {0906620A-F9E1-4704-ADB8-FE69C528AC40}
	EndGlobalSection
EndGlobal
